{"version":4,"terraform_version":"1.8.1","serial":70,"lineage":"5d4cceab-b8a7-0330-af9d-62619b96d5b8","outputs":{},"resources":[{"module":"module.security_group","mode":"managed","type":"yandex_vpc_security_group","name":"bastion_sg","provider":"provider[\"registry.opentofu.org/hashicorp/yandex\"]","instances":[{"schema_version":0,"attributes":{"created_at":"2024-08-30T05:22:30Z","description":"description for my security group","egress":[{"description":"Allow all ICMP outbound traffic","from_port":-1,"id":"enpk4v75fhu3h60ln60d","labels":{},"port":-1,"predefined_target":"","protocol":"ICMP","security_group_id":"","to_port":-1,"v4_cidr_blocks":["0.0.0.0/0"],"v6_cidr_blocks":[]},{"description":"Allow all outbound traffic","from_port":-1,"id":"enp2o4f3i50jcq2dnu51","labels":{},"port":-1,"predefined_target":"","protocol":"TCP","security_group_id":"","to_port":-1,"v4_cidr_blocks":["0.0.0.0/0"],"v6_cidr_blocks":[]}],"folder_id":"b1gdpoivp1poeknjahoq","id":"enpq7d0jhvr8mt2dtq75","ingress":[{"description":"home ssh","from_port":-1,"id":"enpb0ojn8hkf17dj7sv4","labels":{},"port":22,"predefined_target":"","protocol":"TCP","security_group_id":"","to_port":-1,"v4_cidr_blocks":["81.27.58.102/32"],"v6_cidr_blocks":[]}],"labels":{},"name":"bastion-sg","network_id":"enpoftdjfo0g776occtb","status":"ACTIVE","timeouts":null},"sensitive_attributes":[],"private":"eyJlMmJmYjczMC1lY2FhLTExZTYtOGY4OC0zNDM2M2JjN2M0YzAiOnsiY3JlYXRlIjoxODAwMDAwMDAwMDAsImRlbGV0ZSI6MTgwMDAwMDAwMDAwLCJ1cGRhdGUiOjE4MDAwMDAwMDAwMH19","dependencies":["module.vpc.yandex_vpc_network.vpc_network"]}]},{"module":"module.security_group","mode":"managed","type":"yandex_vpc_security_group","name":"private_sg","provider":"provider[\"registry.opentofu.org/hashicorp/yandex\"]","instances":[{"schema_version":0,"attributes":{"created_at":"2024-08-30T05:22:32Z","description":"","egress":[{"description":"Allow all ICMP outbound traffic","from_port":-1,"id":"enpl6m7acjameo5t3693","labels":{},"port":-1,"predefined_target":"","protocol":"ICMP","security_group_id":"","to_port":-1,"v4_cidr_blocks":["0.0.0.0/0"],"v6_cidr_blocks":[]},{"description":"Allow all outbound traffic","from_port":-1,"id":"enpdum5llsrnje1q1rhd","labels":{},"port":-1,"predefined_target":"","protocol":"TCP","security_group_id":"","to_port":-1,"v4_cidr_blocks":["0.0.0.0/0"],"v6_cidr_blocks":[]}],"folder_id":"b1gdpoivp1poeknjahoq","id":"enpgnshi8uvvfup238lv","ingress":[{"description":"ssh from bastion","from_port":-1,"id":"enp3pgsqfagdbueftmg1","labels":{},"port":22,"predefined_target":"","protocol":"TCP","security_group_id":"","to_port":-1,"v4_cidr_blocks":["10.0.1.7/32"],"v6_cidr_blocks":[]}],"labels":{},"name":"private-sg","network_id":"enpoftdjfo0g776occtb","status":"ACTIVE","timeouts":null},"sensitive_attributes":[],"private":"eyJlMmJmYjczMC1lY2FhLTExZTYtOGY4OC0zNDM2M2JjN2M0YzAiOnsiY3JlYXRlIjoxODAwMDAwMDAwMDAsImRlbGV0ZSI6MTgwMDAwMDAwMDAwLCJ1cGRhdGUiOjE4MDAwMDAwMDAwMH19","dependencies":["module.vpc.yandex_vpc_network.vpc_network"]}]},{"module":"module.servers","mode":"managed","type":"yandex_compute_instance","name":"bastion-host","provider":"provider[\"registry.opentofu.org/hashicorp/yandex\"]","instances":[{"schema_version":1,"attributes":{"allow_recreate":null,"allow_stopping_for_update":null,"boot_disk":[{"auto_delete":true,"device_name":"fhm11i98i2ooll4e81du","disk_id":"fhm11i98i2ooll4e81du","initialize_params":[{"block_size":4096,"description":"","image_id":"fd87j6d92jlrbjqbl32q","name":"","size":8,"snapshot_id":"","type":"network-hdd"}],"mode":"READ_WRITE"}],"created_at":"2024-08-30T05:22:32Z","description":"","filesystem":[],"folder_id":"b1gdpoivp1poeknjahoq","fqdn":"fhmgk4cp5e5gmmkefaae.auto.internal","gpu_cluster_id":"","hostname":"","id":"fhmgk4cp5e5gmmkefaae","labels":null,"local_disk":[],"maintenance_grace_period":"","maintenance_policy":null,"metadata":{"ssh-keys":"ubuntu:ssh-rsa AAAAB3NzaC1yc2EAAAADAQABAAABAQCtEKle7r0yu75EhX5ytozLsu4g1cuFI7Rkv6OTu46K8a66kBMCLMVcSdgIxmoRGQMahX05UFZsEPvz8ZusJJcXqusfpyz5Unu8p/6fAbHMsYy0gAEJG43SPoAMn2s5Tw63b6NFr5SwkoZEWlPjv1ou4PUU6OCCEkcrS6p9JnNI5VMoG8CpetHp4/RCmVrxgmmMW6//0YT7cqju5UJyYOMiMDZo0G5Kzm2EoFofB7r6f0PC2M/awJconN6IG9p6w0AWh3qKBD8RzfXx/o6PvaZ3KDMh3gZlP2GGLdOkW9n+VzvfiHPmydSqfebWhXrogM1Vzj0lyx5zWzX/ndAug5W5 side","user-data":"#cloud-config\r\nusers:\r\n  - name: ubuntu\r\n    groups: sudo\r\n    shell: /bin/bash\r\n    sudo: 'ALL=(ALL) NOPASSWD:ALL'\r\n    ssh-authorized-keys:\r\n      - ssh-rsa AAAAB3NzaC1yc2EAAAADAQABAAABAQCtEKle7r0yu75EhX5ytozLsu4g1cuFI7Rkv6OTu46K8a66kBMCLMVcSdgIxmoRGQMahX05UFZsEPvz8ZusJJcXqusfpyz5Unu8p/6fAbHMsYy0gAEJG43SPoAMn2s5Tw63b6NFr5SwkoZEWlPjv1ou4PUU6OCCEkcrS6p9JnNI5VMoG8CpetHp4/RCmVrxgmmMW6//0YT7cqju5UJyYOMiMDZo0G5Kzm2EoFofB7r6f0PC2M/awJconN6IG9p6w0AWh3qKBD8RzfXx/o6PvaZ3KDMh3gZlP2GGLdOkW9n+VzvfiHPmydSqfebWhXrogM1Vzj0lyx5zWzX/ndAug5W5 side"},"metadata_options":[{"aws_v1_http_endpoint":1,"aws_v1_http_token":2,"gce_http_endpoint":1,"gce_http_token":1}],"name":"bastion-host","network_acceleration_type":"standard","network_interface":[{"dns_record":[],"index":0,"ip_address":"10.0.1.18","ipv4":true,"ipv6":false,"ipv6_address":"","ipv6_dns_record":[],"mac_address":"d0:0d:10:a1:19:92","nat":true,"nat_dns_record":[],"nat_ip_address":"89.169.137.171","nat_ip_version":"IPV4","security_group_ids":["enpq7d0jhvr8mt2dtq75"],"subnet_id":"e9bbtjnu16hm4rcmj9fm"}],"placement_policy":[{"host_affinity_rules":[],"placement_group_id":"","placement_group_partition":0}],"platform_id":"standard-v1","resources":[{"core_fraction":100,"cores":2,"gpus":0,"memory":2}],"scheduling_policy":[{"preemptible":false}],"secondary_disk":[],"service_account_id":"","status":"running","timeouts":null,"zone":"ru-central1-a"},"sensitive_attributes":[],"private":"eyJlMmJmYjczMC1lY2FhLTExZTYtOGY4OC0zNDM2M2JjN2M0YzAiOnsiY3JlYXRlIjozMDAwMDAwMDAwMDAsImRlbGV0ZSI6MzAwMDAwMDAwMDAwLCJ1cGRhdGUiOjMwMDAwMDAwMDAwMH0sInNjaGVtYV92ZXJzaW9uIjoiMSJ9","dependencies":["module.security_group.yandex_vpc_security_group.bastion_sg","module.servers.yandex_vpc_address.addr","module.vpc.yandex_vpc_gateway.egress_gateway","module.vpc.yandex_vpc_network.vpc_network","module.vpc.yandex_vpc_route_table.route_table1","module.vpc.yandex_vpc_subnet.public_subnet"]}]},{"module":"module.servers","mode":"managed","type":"yandex_compute_instance","name":"private","provider":"provider[\"registry.opentofu.org/hashicorp/yandex\"]","instances":[{"schema_version":1,"attributes":{"allow_recreate":null,"allow_stopping_for_update":null,"boot_disk":[{"auto_delete":true,"device_name":"epdiecda3amfg53us151","disk_id":"epdiecda3amfg53us151","initialize_params":[{"block_size":4096,"description":"","image_id":"fd87j6d92jlrbjqbl32q","name":"","size":8,"snapshot_id":"","type":"network-hdd"}],"mode":"READ_WRITE"}],"created_at":"2024-08-30T05:22:33Z","description":"","filesystem":[],"folder_id":"b1gdpoivp1poeknjahoq","fqdn":"epd1l580b1gvbfffhd23.auto.internal","gpu_cluster_id":"","hostname":"","id":"epd1l580b1gvbfffhd23","labels":null,"local_disk":[],"maintenance_grace_period":"","maintenance_policy":null,"metadata":{"ssh-keys":"ubuntu:ssh-rsa AAAAB3NzaC1yc2EAAAADAQABAAABAQCtEKle7r0yu75EhX5ytozLsu4g1cuFI7Rkv6OTu46K8a66kBMCLMVcSdgIxmoRGQMahX05UFZsEPvz8ZusJJcXqusfpyz5Unu8p/6fAbHMsYy0gAEJG43SPoAMn2s5Tw63b6NFr5SwkoZEWlPjv1ou4PUU6OCCEkcrS6p9JnNI5VMoG8CpetHp4/RCmVrxgmmMW6//0YT7cqju5UJyYOMiMDZo0G5Kzm2EoFofB7r6f0PC2M/awJconN6IG9p6w0AWh3qKBD8RzfXx/o6PvaZ3KDMh3gZlP2GGLdOkW9n+VzvfiHPmydSqfebWhXrogM1Vzj0lyx5zWzX/ndAug5W5 side","user-data":"#cloud-config\r\nusers:\r\n  - name: ubuntu\r\n    groups: sudo\r\n    shell: /bin/bash\r\n    sudo: 'ALL=(ALL) NOPASSWD:ALL'\r\n    ssh-authorized-keys:\r\n      - ssh-rsa AAAAB3NzaC1yc2EAAAADAQABAAABAQCtEKle7r0yu75EhX5ytozLsu4g1cuFI7Rkv6OTu46K8a66kBMCLMVcSdgIxmoRGQMahX05UFZsEPvz8ZusJJcXqusfpyz5Unu8p/6fAbHMsYy0gAEJG43SPoAMn2s5Tw63b6NFr5SwkoZEWlPjv1ou4PUU6OCCEkcrS6p9JnNI5VMoG8CpetHp4/RCmVrxgmmMW6//0YT7cqju5UJyYOMiMDZo0G5Kzm2EoFofB7r6f0PC2M/awJconN6IG9p6w0AWh3qKBD8RzfXx/o6PvaZ3KDMh3gZlP2GGLdOkW9n+VzvfiHPmydSqfebWhXrogM1Vzj0lyx5zWzX/ndAug5W5 side"},"metadata_options":[{"aws_v1_http_endpoint":1,"aws_v1_http_token":2,"gce_http_endpoint":1,"gce_http_token":1}],"name":"private","network_acceleration_type":"standard","network_interface":[{"dns_record":[],"index":0,"ip_address":"10.0.2.23","ipv4":true,"ipv6":false,"ipv6_address":"","ipv6_dns_record":[],"mac_address":"d0:0d:1a:95:00:58","nat":false,"nat_dns_record":[],"nat_ip_address":"","nat_ip_version":"","security_group_ids":["enpgnshi8uvvfup238lv"],"subnet_id":"e2l55q2ql20bhvk7baed"}],"placement_policy":[{"host_affinity_rules":[],"placement_group_id":"","placement_group_partition":0}],"platform_id":"standard-v1","resources":[{"core_fraction":100,"cores":2,"gpus":0,"memory":4}],"scheduling_policy":[{"preemptible":false}],"secondary_disk":[],"service_account_id":"","status":"running","timeouts":null,"zone":"ru-central1-b"},"sensitive_attributes":[],"private":"eyJlMmJmYjczMC1lY2FhLTExZTYtOGY4OC0zNDM2M2JjN2M0YzAiOnsiY3JlYXRlIjozMDAwMDAwMDAwMDAsImRlbGV0ZSI6MzAwMDAwMDAwMDAwLCJ1cGRhdGUiOjMwMDAwMDAwMDAwMH0sInNjaGVtYV92ZXJzaW9uIjoiMSJ9","dependencies":["module.security_group.yandex_vpc_security_group.private_sg","module.vpc.yandex_vpc_gateway.egress_gateway","module.vpc.yandex_vpc_network.vpc_network","module.vpc.yandex_vpc_route_table.route_table1","module.vpc.yandex_vpc_subnet.private_subnet"]}]},{"module":"module.servers","mode":"managed","type":"yandex_vpc_address","name":"addr","provider":"provider[\"registry.opentofu.org/hashicorp/yandex\"]","instances":[{"schema_version":0,"attributes":{"created_at":"2024-08-30T05:22:26Z","deletion_protection":false,"description":"","dns_record":[],"external_ipv4_address":[{"address":"89.169.137.171","ddos_protection_provider":"","outgoing_smtp_capability":"","zone_id":"ru-central1-a"}],"folder_id":"b1gdpoivp1poeknjahoq","id":"e9bpnrl7iohjils1gqci","labels":{},"name":"exampleAddress","reserved":true,"timeouts":null,"used":false},"sensitive_attributes":[],"private":"eyJlMmJmYjczMC1lY2FhLTExZTYtOGY4OC0zNDM2M2JjN2M0YzAiOnsiY3JlYXRlIjozMDAwMDAwMDAwMCwiZGVsZXRlIjozMDAwMDAwMDAwMCwidXBkYXRlIjozMDAwMDAwMDAwMH19"}]},{"module":"module.vpc","mode":"managed","type":"yandex_vpc_gateway","name":"egress_gateway","provider":"provider[\"registry.opentofu.org/hashicorp/yandex\"]","instances":[{"schema_version":0,"attributes":{"created_at":"2024-08-30T05:22:26Z","description":"","folder_id":"b1gdpoivp1poeknjahoq","id":"enpkq1t0ser5ve4gs5pu","labels":{},"name":"egress-gateway","shared_egress_gateway":[{}],"timeouts":null},"sensitive_attributes":[],"private":"eyJlMmJmYjczMC1lY2FhLTExZTYtOGY4OC0zNDM2M2JjN2M0YzAiOnsiY3JlYXRlIjo2MDAwMDAwMDAwMCwiZGVsZXRlIjo2MDAwMDAwMDAwMCwidXBkYXRlIjo2MDAwMDAwMDAwMH19"}]},{"module":"module.vpc","mode":"managed","type":"yandex_vpc_network","name":"vpc_network","provider":"provider[\"registry.opentofu.org/hashicorp/yandex\"]","instances":[{"schema_version":0,"attributes":{"created_at":"2024-08-30T05:22:26Z","default_security_group_id":"enpv8dbdbvhpiqc2u7h0","description":"","folder_id":"b1gdpoivp1poeknjahoq","id":"enpoftdjfo0g776occtb","labels":{},"name":"terr-vpc","subnet_ids":[],"timeouts":null},"sensitive_attributes":[],"private":"eyJlMmJmYjczMC1lY2FhLTExZTYtOGY4OC0zNDM2M2JjN2M0YzAiOnsiY3JlYXRlIjo2MDAwMDAwMDAwMCwiZGVsZXRlIjo2MDAwMDAwMDAwMCwidXBkYXRlIjo2MDAwMDAwMDAwMH19"}]},{"module":"module.vpc","mode":"managed","type":"yandex_vpc_route_table","name":"route_table1","provider":"provider[\"registry.opentofu.org/hashicorp/yandex\"]","instances":[{"schema_version":0,"attributes":{"created_at":"2024-08-30T05:22:28Z","description":"","folder_id":"b1gdpoivp1poeknjahoq","id":"enpl3lqffg2gaatp2c7s","labels":{},"name":"route-table1","network_id":"enpoftdjfo0g776occtb","static_route":[{"destination_prefix":"0.0.0.0/0","gateway_id":"enpkq1t0ser5ve4gs5pu","next_hop_address":""}],"timeouts":null},"sensitive_attributes":[],"private":"eyJlMmJmYjczMC1lY2FhLTExZTYtOGY4OC0zNDM2M2JjN2M0YzAiOnsiY3JlYXRlIjoxODAwMDAwMDAwMDAsImRlbGV0ZSI6MTgwMDAwMDAwMDAwLCJ1cGRhdGUiOjE4MDAwMDAwMDAwMH19","dependencies":["module.vpc.yandex_vpc_gateway.egress_gateway","module.vpc.yandex_vpc_network.vpc_network"]}]},{"module":"module.vpc","mode":"managed","type":"yandex_vpc_subnet","name":"private_subnet","provider":"provider[\"registry.opentofu.org/hashicorp/yandex\"]","instances":[{"schema_version":0,"attributes":{"created_at":"2024-08-30T05:22:30Z","description":"","dhcp_options":[],"folder_id":"b1gdpoivp1poeknjahoq","id":"e2l55q2ql20bhvk7baed","labels":{},"name":"terr-private-subnet","network_id":"enpoftdjfo0g776occtb","route_table_id":"enpl3lqffg2gaatp2c7s","timeouts":null,"v4_cidr_blocks":["10.0.2.0/24"],"v6_cidr_blocks":[],"zone":"ru-central1-b"},"sensitive_attributes":[],"private":"eyJlMmJmYjczMC1lY2FhLTExZTYtOGY4OC0zNDM2M2JjN2M0YzAiOnsiY3JlYXRlIjoxODAwMDAwMDAwMDAsImRlbGV0ZSI6MTgwMDAwMDAwMDAwLCJ1cGRhdGUiOjE4MDAwMDAwMDAwMH19","dependencies":["module.vpc.yandex_vpc_gateway.egress_gateway","module.vpc.yandex_vpc_network.vpc_network","module.vpc.yandex_vpc_route_table.route_table1"]}]},{"module":"module.vpc","mode":"managed","type":"yandex_vpc_subnet","name":"public_subnet","provider":"provider[\"registry.opentofu.org/hashicorp/yandex\"]","instances":[{"schema_version":0,"attributes":{"created_at":"2024-08-30T05:22:29Z","description":"","dhcp_options":[],"folder_id":"b1gdpoivp1poeknjahoq","id":"e9bbtjnu16hm4rcmj9fm","labels":{},"name":"terr-public-subnet","network_id":"enpoftdjfo0g776occtb","route_table_id":"enpl3lqffg2gaatp2c7s","timeouts":null,"v4_cidr_blocks":["10.0.1.0/24"],"v6_cidr_blocks":[],"zone":"ru-central1-a"},"sensitive_attributes":[],"private":"eyJlMmJmYjczMC1lY2FhLTExZTYtOGY4OC0zNDM2M2JjN2M0YzAiOnsiY3JlYXRlIjoxODAwMDAwMDAwMDAsImRlbGV0ZSI6MTgwMDAwMDAwMDAwLCJ1cGRhdGUiOjE4MDAwMDAwMDAwMH19","dependencies":["module.vpc.yandex_vpc_gateway.egress_gateway","module.vpc.yandex_vpc_network.vpc_network","module.vpc.yandex_vpc_route_table.route_table1"]}]}],"check_results":null}
